
Microsoft Visual Studio Solution File, Format Version 12.00
# Visual Studio 15
VisualStudioVersion = 15.0.28010.2016
MinimumVisualStudioVersion = 10.0.40219.1
Project("{9A19103F-16F7-4668-BE54-9A1E7A4F7556}") = "ScraperSharp", "ScraperSharp\ScraperSharp.csproj", "{0F45796E-86A9-43F3-BCEF-8A1480F30A5E}"
EndProject
Project("{9A19103F-16F7-4668-BE54-9A1E7A4F7556}") = "ScraperSharp.UnitTests", "ScraperSharp.UnitTests\ScraperSharp.UnitTests.csproj", "{DC87B9A0-C9D1-4B1D-8C60-3CE255C2FC81}"
EndProject
Project("{2150E333-8FDC-42A3-9474-1A3956D46DE8}") = "Solution Items", "Solution Items", "{BD33580A-FD86-492F-A029-4C78EB1A5EC2}"
	ProjectSection(SolutionItems) = preProject
		appveyor.yml = appveyor.yml
	EndProjectSection
EndProject
Global
	GlobalSection(SolutionConfigurationPlatforms) = preSolution
		Debug|Any CPU = Debug|Any CPU
		Release|Any CPU = Release|Any CPU
	EndGlobalSection
	GlobalSection(ProjectConfigurationPlatforms) = postSolution
		{0F45796E-86A9-43F3-BCEF-8A1480F30A5E}.Debug|Any CPU.ActiveCfg = Debug|Any CPU
		{0F45796E-86A9-43F3-BCEF-8A1480F30A5E}.Debug|Any CPU.Build.0 = Debug|Any CPU
		{0F45796E-86A9-43F3-BCEF-8A1480F30A5E}.Release|Any CPU.ActiveCfg = Release|Any CPU
		{0F45796E-86A9-43F3-BCEF-8A1480F30A5E}.Release|Any CPU.Build.0 = Release|Any CPU
		{DC87B9A0-C9D1-4B1D-8C60-3CE255C2FC81}.Debug|Any CPU.ActiveCfg = Debug|Any CPU
		{DC87B9A0-C9D1-4B1D-8C60-3CE255C2FC81}.Debug|Any CPU.Build.0 = Debug|Any CPU
		{DC87B9A0-C9D1-4B1D-8C60-3CE255C2FC81}.Release|Any CPU.ActiveCfg = Release|Any CPU
		{DC87B9A0-C9D1-4B1D-8C60-3CE255C2FC81}.Release|Any CPU.Build.0 = Release|Any CPU
	EndGlobalSection
	GlobalSection(SolutionProperties) = preSolution
		HideSolutionNode = FALSE
	EndGlobalSection
	GlobalSection(ExtensibilityGlobals) = postSolution
		SolutionGuid = {82DAC81E-699A-4AD0-8E7F-F4822993B78C}
	EndGlobalSection
EndGlobal
